{
    "requires": true,
    "lockfileVersion": 1,
    "dependencies": {
        "excel-utils": {
            "version": "1.0.1",
            "resolved": "https://registry.npmjs.org/excel-utils/-/excel-utils-1.0.1.tgz",
            "integrity": "sha512-CmEQcIPE7jrcv3EgdkIRxFsQcX9WkzyvIhz6t3NGJwpKXdiQs/HQ6ToY9pw2CLG7qk68ClczCVr98W3qqilZ1w=="
        }
    }
}
